// !$*UTF8*$!
{
	archiveVersion = 1;
	classes = {
	};
	objectVersion = 46;
	objects = {

/* Begin PBXBuildFile section */
		01EE4A7D1A9F19B700CB4E04 /* TVshowTableViewCell.m in Sources */ = {isa = PBXBuildFile; fileRef = 01EE4A7B1A9F19B700CB4E04 /* TVshowTableViewCell.m */; };
		01EE4A7E1A9F19B700CB4E04 /* TVshowTableViewCell.xib in Resources */ = {isa = PBXBuildFile; fileRef = 01EE4A7C1A9F19B700CB4E04 /* TVshowTableViewCell.xib */; };
		01EE4A821A9F37AA00CB4E04 /* ImageDownloader.m in Sources */ = {isa = PBXBuildFile; fileRef = 01EE4A811A9F37AA00CB4E04 /* ImageDownloader.m */; };
		01EE4A851A9F3D1000CB4E04 /* ImagesCacheManager.m in Sources */ = {isa = PBXBuildFile; fileRef = 01EE4A841A9F3D1000CB4E04 /* ImagesCacheManager.m */; };
		01EF0C551A9C742100A84780 /* main.m in Sources */ = {isa = PBXBuildFile; fileRef = 01EF0C541A9C742100A84780 /* main.m */; };
		01EF0C581A9C742100A84780 /* AppDelegate.m in Sources */ = {isa = PBXBuildFile; fileRef = 01EF0C571A9C742100A84780 /* AppDelegate.m */; };
		01EF0C5B1A9C742100A84780 /* TestingCoreDat.xcdatamodeld in Sources */ = {isa = PBXBuildFile; fileRef = 01EF0C591A9C742100A84780 /* TestingCoreDat.xcdatamodeld */; };
		01EF0C5E1A9C742100A84780 /* ViewController.m in Sources */ = {isa = PBXBuildFile; fileRef = 01EF0C5D1A9C742100A84780 /* ViewController.m */; };
		01EF0C611A9C742100A84780 /* Main.storyboard in Resources */ = {isa = PBXBuildFile; fileRef = 01EF0C5F1A9C742100A84780 /* Main.storyboard */; };
		01EF0C631A9C742100A84780 /* Images.xcassets in Resources */ = {isa = PBXBuildFile; fileRef = 01EF0C621A9C742100A84780 /* Images.xcassets */; };
		01EF0C661A9C742100A84780 /* LaunchScreen.xib in Resources */ = {isa = PBXBuildFile; fileRef = 01EF0C641A9C742100A84780 /* LaunchScreen.xib */; };
		01EF0C721A9C742100A84780 /* TestingCoreDatTests.m in Sources */ = {isa = PBXBuildFile; fileRef = 01EF0C711A9C742100A84780 /* TestingCoreDatTests.m */; };
		01EF0C7D1A9C794D00A84780 /* TVShowEntity.m in Sources */ = {isa = PBXBuildFile; fileRef = 01EF0C7C1A9C794D00A84780 /* TVShowEntity.m */; };
		01EF0C801A9C794D00A84780 /* UserEntity.m in Sources */ = {isa = PBXBuildFile; fileRef = 01EF0C7F1A9C794D00A84780 /* UserEntity.m */; };
		01EF0C831A9C7E5100A84780 /* CoreDataStack.m in Sources */ = {isa = PBXBuildFile; fileRef = 01EF0C821A9C7E5100A84780 /* CoreDataStack.m */; };
		01EF0C861A9C948800A84780 /* UserProfileViewController.m in Sources */ = {isa = PBXBuildFile; fileRef = 01EF0C851A9C948800A84780 /* UserProfileViewController.m */; };
		01FAE2081A9DC6B400C36BA9 /* TVShowDetailViewController.m in Sources */ = {isa = PBXBuildFile; fileRef = 01FAE2071A9DC6B400C36BA9 /* TVShowDetailViewController.m */; };
		01FAE20B1A9DC7A600C36BA9 /* BlockBarButtonItem.m in Sources */ = {isa = PBXBuildFile; fileRef = 01FAE20A1A9DC7A600C36BA9 /* BlockBarButtonItem.m */; };
		01FAE20E1A9DE56A00C36BA9 /* UIAlertView+Blocks.m in Sources */ = {isa = PBXBuildFile; fileRef = 01FAE20D1A9DE56A00C36BA9 /* UIAlertView+Blocks.m */; };
		01FAE2131A9E134600C36BA9 /* AFNRequestManager.m in Sources */ = {isa = PBXBuildFile; fileRef = 01FAE2121A9E134600C36BA9 /* AFNRequestManager.m */; };
		01FAE2171A9E15DA00C36BA9 /* TVShowsProvider.m in Sources */ = {isa = PBXBuildFile; fileRef = 01FAE2161A9E15DA00C36BA9 /* TVShowsProvider.m */; };
		CF439C13C0F245EC3E622A08 /* libPods.a in Frameworks */ = {isa = PBXBuildFile; fileRef = D7B18027D31E157EE2C906DD /* libPods.a */; };
/* End PBXBuildFile section */

/* Begin PBXContainerItemProxy section */
		01EF0C6C1A9C742100A84780 /* PBXContainerItemProxy */ = {
			isa = PBXContainerItemProxy;
			containerPortal = 01EF0C471A9C742100A84780 /* Project object */;
			proxyType = 1;
			remoteGlobalIDString = 01EF0C4E1A9C742100A84780;
			remoteInfo = TestingCoreDat;
		};
/* End PBXContainerItemProxy section */

/* Begin PBXFileReference section */
		01EE4A7A1A9F19B700CB4E04 /* TVshowTableViewCell.h */ = {isa = PBXFileReference; fileEncoding = 4; lastKnownFileType = sourcecode.c.h; path = TVshowTableViewCell.h; sourceTree = "<group>"; };
		01EE4A7B1A9F19B700CB4E04 /* TVshowTableViewCell.m */ = {isa = PBXFileReference; fileEncoding = 4; lastKnownFileType = sourcecode.c.objc; path = TVshowTableViewCell.m; sourceTree = "<group>"; };
		01EE4A7C1A9F19B700CB4E04 /* TVshowTableViewCell.xib */ = {isa = PBXFileReference; fileEncoding = 4; lastKnownFileType = file.xib; path = TVshowTableViewCell.xib; sourceTree = "<group>"; };
		01EE4A801A9F37AA00CB4E04 /* ImageDownloader.h */ = {isa = PBXFileReference; fileEncoding = 4; lastKnownFileType = sourcecode.c.h; path = ImageDownloader.h; sourceTree = "<group>"; };
		01EE4A811A9F37AA00CB4E04 /* ImageDownloader.m */ = {isa = PBXFileReference; fileEncoding = 4; lastKnownFileType = sourcecode.c.objc; path = ImageDownloader.m; sourceTree = "<group>"; };
		01EE4A831A9F3D1000CB4E04 /* ImagesCacheManager.h */ = {isa = PBXFileReference; fileEncoding = 4; lastKnownFileType = sourcecode.c.h; path = ImagesCacheManager.h; sourceTree = "<group>"; };
		01EE4A841A9F3D1000CB4E04 /* ImagesCacheManager.m */ = {isa = PBXFileReference; fileEncoding = 4; lastKnownFileType = sourcecode.c.objc; path = ImagesCacheManager.m; sourceTree = "<group>"; };
		01EF0C4F1A9C742100A84780 /* TestingCoreDat.app */ = {isa = PBXFileReference; explicitFileType = wrapper.application; includeInIndex = 0; path = TestingCoreDat.app; sourceTree = BUILT_PRODUCTS_DIR; };
		01EF0C531A9C742100A84780 /* Info.plist */ = {isa = PBXFileReference; lastKnownFileType = text.plist.xml; path = Info.plist; sourceTree = "<group>"; };
		01EF0C541A9C742100A84780 /* main.m */ = {isa = PBXFileReference; lastKnownFileType = sourcecode.c.objc; path = main.m; sourceTree = "<group>"; };
		01EF0C561A9C742100A84780 /* AppDelegate.h */ = {isa = PBXFileReference; lastKnownFileType = sourcecode.c.h; path = AppDelegate.h; sourceTree = "<group>"; };
		01EF0C571A9C742100A84780 /* AppDelegate.m */ = {isa = PBXFileReference; lastKnownFileType = sourcecode.c.objc; path = AppDelegate.m; sourceTree = "<group>"; };
		01EF0C5A1A9C742100A84780 /* TestingCoreDat.xcdatamodel */ = {isa = PBXFileReference; lastKnownFileType = wrapper.xcdatamodel; path = TestingCoreDat.xcdatamodel; sourceTree = "<group>"; };
		01EF0C5C1A9C742100A84780 /* ViewController.h */ = {isa = PBXFileReference; lastKnownFileType = sourcecode.c.h; path = ViewController.h; sourceTree = "<group>"; };
		01EF0C5D1A9C742100A84780 /* ViewController.m */ = {isa = PBXFileReference; lastKnownFileType = sourcecode.c.objc; path = ViewController.m; sourceTree = "<group>"; };
		01EF0C601A9C742100A84780 /* Base */ = {isa = PBXFileReference; lastKnownFileType = file.storyboard; name = Base; path = Base.lproj/Main.storyboard; sourceTree = "<group>"; };
		01EF0C621A9C742100A84780 /* Images.xcassets */ = {isa = PBXFileReference; lastKnownFileType = folder.assetcatalog; path = Images.xcassets; sourceTree = "<group>"; };
		01EF0C651A9C742100A84780 /* Base */ = {isa = PBXFileReference; lastKnownFileType = file.xib; name = Base; path = Base.lproj/LaunchScreen.xib; sourceTree = "<group>"; };
		01EF0C6B1A9C742100A84780 /* TestingCoreDatTests.xctest */ = {isa = PBXFileReference; explicitFileType = wrapper.cfbundle; includeInIndex = 0; path = TestingCoreDatTests.xctest; sourceTree = BUILT_PRODUCTS_DIR; };
		01EF0C701A9C742100A84780 /* Info.plist */ = {isa = PBXFileReference; lastKnownFileType = text.plist.xml; path = Info.plist; sourceTree = "<group>"; };
		01EF0C711A9C742100A84780 /* TestingCoreDatTests.m */ = {isa = PBXFileReference; lastKnownFileType = sourcecode.c.objc; path = TestingCoreDatTests.m; sourceTree = "<group>"; };
		01EF0C7B1A9C794D00A84780 /* TVShowEntity.h */ = {isa = PBXFileReference; fileEncoding = 4; lastKnownFileType = sourcecode.c.h; path = TVShowEntity.h; sourceTree = "<group>"; };
		01EF0C7C1A9C794D00A84780 /* TVShowEntity.m */ = {isa = PBXFileReference; fileEncoding = 4; lastKnownFileType = sourcecode.c.objc; path = TVShowEntity.m; sourceTree = "<group>"; };
		01EF0C7E1A9C794D00A84780 /* UserEntity.h */ = {isa = PBXFileReference; fileEncoding = 4; lastKnownFileType = sourcecode.c.h; path = UserEntity.h; sourceTree = "<group>"; };
		01EF0C7F1A9C794D00A84780 /* UserEntity.m */ = {isa = PBXFileReference; fileEncoding = 4; lastKnownFileType = sourcecode.c.objc; path = UserEntity.m; sourceTree = "<group>"; };
		01EF0C811A9C7E5100A84780 /* CoreDataStack.h */ = {isa = PBXFileReference; fileEncoding = 4; lastKnownFileType = sourcecode.c.h; path = CoreDataStack.h; sourceTree = "<group>"; };
		01EF0C821A9C7E5100A84780 /* CoreDataStack.m */ = {isa = PBXFileReference; fileEncoding = 4; lastKnownFileType = sourcecode.c.objc; path = CoreDataStack.m; sourceTree = "<group>"; };
		01EF0C841A9C948800A84780 /* UserProfileViewController.h */ = {isa = PBXFileReference; fileEncoding = 4; lastKnownFileType = sourcecode.c.h; path = UserProfileViewController.h; sourceTree = "<group>"; };
		01EF0C851A9C948800A84780 /* UserProfileViewController.m */ = {isa = PBXFileReference; fileEncoding = 4; lastKnownFileType = sourcecode.c.objc; path = UserProfileViewController.m; sourceTree = "<group>"; };
		01FAE2061A9DC6B400C36BA9 /* TVShowDetailViewController.h */ = {isa = PBXFileReference; fileEncoding = 4; lastKnownFileType = sourcecode.c.h; path = TVShowDetailViewController.h; sourceTree = "<group>"; };
		01FAE2071A9DC6B400C36BA9 /* TVShowDetailViewController.m */ = {isa = PBXFileReference; fileEncoding = 4; lastKnownFileType = sourcecode.c.objc; path = TVShowDetailViewController.m; sourceTree = "<group>"; };
		01FAE2091A9DC7A600C36BA9 /* BlockBarButtonItem.h */ = {isa = PBXFileReference; fileEncoding = 4; lastKnownFileType = sourcecode.c.h; path = BlockBarButtonItem.h; sourceTree = "<group>"; };
		01FAE20A1A9DC7A600C36BA9 /* BlockBarButtonItem.m */ = {isa = PBXFileReference; fileEncoding = 4; lastKnownFileType = sourcecode.c.objc; path = BlockBarButtonItem.m; sourceTree = "<group>"; };
		01FAE20C1A9DE56A00C36BA9 /* UIAlertView+Blocks.h */ = {isa = PBXFileReference; fileEncoding = 4; lastKnownFileType = sourcecode.c.h; path = "UIAlertView+Blocks.h"; sourceTree = "<group>"; };
		01FAE20D1A9DE56A00C36BA9 /* UIAlertView+Blocks.m */ = {isa = PBXFileReference; fileEncoding = 4; lastKnownFileType = sourcecode.c.objc; path = "UIAlertView+Blocks.m"; sourceTree = "<group>"; };
		01FAE20F1A9E096E00C36BA9 /* Prefix-TestingCoreDat.pch */ = {isa = PBXFileReference; lastKnownFileType = sourcecode.c.h; path = "Prefix-TestingCoreDat.pch"; sourceTree = "<group>"; };
		01FAE2111A9E134600C36BA9 /* AFNRequestManager.h */ = {isa = PBXFileReference; fileEncoding = 4; lastKnownFileType = sourcecode.c.h; path = AFNRequestManager.h; sourceTree = "<group>"; };
		01FAE2121A9E134600C36BA9 /* AFNRequestManager.m */ = {isa = PBXFileReference; fileEncoding = 4; lastKnownFileType = sourcecode.c.objc; path = AFNRequestManager.m; sourceTree = "<group>"; };
		01FAE2141A9E159A00C36BA9 /* RequestManager.h */ = {isa = PBXFileReference; fileEncoding = 4; lastKnownFileType = sourcecode.c.h; path = RequestManager.h; sourceTree = "<group>"; };
		01FAE2151A9E15DA00C36BA9 /* TVShowsProvider.h */ = {isa = PBXFileReference; fileEncoding = 4; lastKnownFileType = sourcecode.c.h; path = TVShowsProvider.h; sourceTree = "<group>"; };
		01FAE2161A9E15DA00C36BA9 /* TVShowsProvider.m */ = {isa = PBXFileReference; fileEncoding = 4; lastKnownFileType = sourcecode.c.objc; path = TVShowsProvider.m; sourceTree = "<group>"; };
		3FCFC7DB1905B1C883D6127C /* Pods.release.xcconfig */ = {isa = PBXFileReference; includeInIndex = 1; lastKnownFileType = text.xcconfig; name = Pods.release.xcconfig; path = "Pods/Target Support Files/Pods/Pods.release.xcconfig"; sourceTree = "<group>"; };
		B6835FAB08A8CB05AE19AD4D /* Pods.debug.xcconfig */ = {isa = PBXFileReference; includeInIndex = 1; lastKnownFileType = text.xcconfig; name = Pods.debug.xcconfig; path = "Pods/Target Support Files/Pods/Pods.debug.xcconfig"; sourceTree = "<group>"; };
		D7B18027D31E157EE2C906DD /* libPods.a */ = {isa = PBXFileReference; explicitFileType = archive.ar; includeInIndex = 0; path = libPods.a; sourceTree = BUILT_PRODUCTS_DIR; };
/* End PBXFileReference section */

/* Begin PBXFrameworksBuildPhase section */
		01EF0C4C1A9C742100A84780 /* Frameworks */ = {
			isa = PBXFrameworksBuildPhase;
			buildActionMask = 2147483647;
			files = (
				CF439C13C0F245EC3E622A08 /* libPods.a in Frameworks */,
			);
			runOnlyForDeploymentPostprocessing = 0;
		};
		01EF0C681A9C742100A84780 /* Frameworks */ = {
			isa = PBXFrameworksBuildPhase;
			buildActionMask = 2147483647;
			files = (
			);
			runOnlyForDeploymentPostprocessing = 0;
		};
/* End PBXFrameworksBuildPhase section */

/* Begin PBXGroup section */
		01EE4A7F1A9F358000CB4E04 /* Services */ = {
			isa = PBXGroup;
			children = (
				01EE4A801A9F37AA00CB4E04 /* ImageDownloader.h */,
				01EE4A811A9F37AA00CB4E04 /* ImageDownloader.m */,
				01EE4A871A9F3D2900CB4E04 /* CachesManager */,
			);
			name = Services;
			sourceTree = "<group>";
		};
		01EE4A871A9F3D2900CB4E04 /* CachesManager */ = {
			isa = PBXGroup;
			children = (
				01EE4A831A9F3D1000CB4E04 /* ImagesCacheManager.h */,
				01EE4A841A9F3D1000CB4E04 /* ImagesCacheManager.m */,
			);
			name = CachesManager;
			sourceTree = "<group>";
		};
		01EF0C461A9C742100A84780 = {
			isa = PBXGroup;
			children = (
				01EF0C511A9C742100A84780 /* TestingCoreDat */,
				01EF0C6E1A9C742100A84780 /* TestingCoreDatTests */,
				01EF0C501A9C742100A84780 /* Products */,
				DFEF34D60BE1F49DB371B2D4 /* Pods */,
				6272C3F870ADC8643F2B20CE /* Frameworks */,
			);
			sourceTree = "<group>";
		};
		01EF0C501A9C742100A84780 /* Products */ = {
			isa = PBXGroup;
			children = (
				01EF0C4F1A9C742100A84780 /* TestingCoreDat.app */,
				01EF0C6B1A9C742100A84780 /* TestingCoreDatTests.xctest */,
			);
			name = Products;
			sourceTree = "<group>";
		};
		01EF0C511A9C742100A84780 /* TestingCoreDat */ = {
			isa = PBXGroup;
			children = (
				01EE4A7F1A9F358000CB4E04 /* Services */,
				01FAE2101A9E125800C36BA9 /* Network */,
				01EF0C561A9C742100A84780 /* AppDelegate.h */,
				01EF0C571A9C742100A84780 /* AppDelegate.m */,
				01EF0C811A9C7E5100A84780 /* CoreDataStack.h */,
				01EF0C821A9C7E5100A84780 /* CoreDataStack.m */,
				01EF0C5C1A9C742100A84780 /* ViewController.h */,
				01EF0C5D1A9C742100A84780 /* ViewController.m */,
				01EF0C5F1A9C742100A84780 /* Main.storyboard */,
				01EF0C621A9C742100A84780 /* Images.xcassets */,
				01EF0C641A9C742100A84780 /* LaunchScreen.xib */,
				01EF0C591A9C742100A84780 /* TestingCoreDat.xcdatamodeld */,
				01EF0C7E1A9C794D00A84780 /* UserEntity.h */,
				01EF0C7F1A9C794D00A84780 /* UserEntity.m */,
				01EF0C7B1A9C794D00A84780 /* TVShowEntity.h */,
				01EF0C7C1A9C794D00A84780 /* TVShowEntity.m */,
				01EF0C521A9C742100A84780 /* Supporting Files */,
				01EF0C841A9C948800A84780 /* UserProfileViewController.h */,
				01EF0C851A9C948800A84780 /* UserProfileViewController.m */,
				01FAE2061A9DC6B400C36BA9 /* TVShowDetailViewController.h */,
				01FAE2071A9DC6B400C36BA9 /* TVShowDetailViewController.m */,
				01FAE2091A9DC7A600C36BA9 /* BlockBarButtonItem.h */,
				01FAE20A1A9DC7A600C36BA9 /* BlockBarButtonItem.m */,
				01FAE20C1A9DE56A00C36BA9 /* UIAlertView+Blocks.h */,
				01FAE20D1A9DE56A00C36BA9 /* UIAlertView+Blocks.m */,
				01FAE2181A9E15E400C36BA9 /* Providers */,
				01EE4A7A1A9F19B700CB4E04 /* TVshowTableViewCell.h */,
				01EE4A7B1A9F19B700CB4E04 /* TVshowTableViewCell.m */,
				01EE4A7C1A9F19B700CB4E04 /* TVshowTableViewCell.xib */,
			);
			path = TestingCoreDat;
			sourceTree = "<group>";
		};
		01EF0C521A9C742100A84780 /* Supporting Files */ = {
			isa = PBXGroup;
			children = (
				01EF0C531A9C742100A84780 /* Info.plist */,
				01EF0C541A9C742100A84780 /* main.m */,
				01FAE20F1A9E096E00C36BA9 /* Prefix-TestingCoreDat.pch */,
			);
			name = "Supporting Files";
			sourceTree = "<group>";
		};
		01EF0C6E1A9C742100A84780 /* TestingCoreDatTests */ = {
			isa = PBXGroup;
			children = (
				01EF0C711A9C742100A84780 /* TestingCoreDatTests.m */,
				01EF0C6F1A9C742100A84780 /* Supporting Files */,
			);
			path = TestingCoreDatTests;
			sourceTree = "<group>";
		};
		01EF0C6F1A9C742100A84780 /* Supporting Files */ = {
			isa = PBXGroup;
			children = (
				01EF0C701A9C742100A84780 /* Info.plist */,
			);
			name = "Supporting Files";
			sourceTree = "<group>";
		};
		01FAE2101A9E125800C36BA9 /* Network */ = {
			isa = PBXGroup;
			children = (
				01FAE2111A9E134600C36BA9 /* AFNRequestManager.h */,
				01FAE2121A9E134600C36BA9 /* AFNRequestManager.m */,
				01FAE2141A9E159A00C36BA9 /* RequestManager.h */,
			);
			name = Network;
			sourceTree = "<group>";
		};
		01FAE2181A9E15E400C36BA9 /* Providers */ = {
			isa = PBXGroup;
			children = (
				01FAE2151A9E15DA00C36BA9 /* TVShowsProvider.h */,
				01FAE2161A9E15DA00C36BA9 /* TVShowsProvider.m */,
			);
			name = Providers;
			sourceTree = "<group>";
		};
		6272C3F870ADC8643F2B20CE /* Frameworks */ = {
			isa = PBXGroup;
			children = (
				D7B18027D31E157EE2C906DD /* libPods.a */,
			);
			name = Frameworks;
			sourceTree = "<group>";
		};
		DFEF34D60BE1F49DB371B2D4 /* Pods */ = {
			isa = PBXGroup;
			children = (
				B6835FAB08A8CB05AE19AD4D /* Pods.debug.xcconfig */,
				3FCFC7DB1905B1C883D6127C /* Pods.release.xcconfig */,
			);
			name = Pods;
			sourceTree = "<group>";
		};
/* End PBXGroup section */

/* Begin PBXNativeTarget section */
		01EF0C4E1A9C742100A84780 /* TestingCoreDat */ = {
			isa = PBXNativeTarget;
			buildConfigurationList = 01EF0C751A9C742100A84780 /* Build configuration list for PBXNativeTarget "TestingCoreDat" */;
			buildPhases = (
				C0561AFAF1089F1A7CA43375 /* Check Pods Manifest.lock */,
				01EF0C4B1A9C742100A84780 /* Sources */,
				01EF0C4C1A9C742100A84780 /* Frameworks */,
				01EF0C4D1A9C742100A84780 /* Resources */,
				665C56C3AA816E42C85CB13D /* Copy Pods Resources */,
			);
			buildRules = (
			);
			dependencies = (
			);
			name = TestingCoreDat;
			productName = TestingCoreDat;
			productReference = 01EF0C4F1A9C742100A84780 /* TestingCoreDat.app */;
			productType = "com.apple.product-type.application";
		};
		01EF0C6A1A9C742100A84780 /* TestingCoreDatTests */ = {
			isa = PBXNativeTarget;
			buildConfigurationList = 01EF0C781A9C742100A84780 /* Build configuration list for PBXNativeTarget "TestingCoreDatTests" */;
			buildPhases = (
				01EF0C671A9C742100A84780 /* Sources */,
				01EF0C681A9C742100A84780 /* Frameworks */,
				01EF0C691A9C742100A84780 /* Resources */,
			);
			buildRules = (
			);
			dependencies = (
				01EF0C6D1A9C742100A84780 /* PBXTargetDependency */,
			);
			name = TestingCoreDatTests;
			productName = TestingCoreDatTests;
			productReference = 01EF0C6B1A9C742100A84780 /* TestingCoreDatTests.xctest */;
			productType = "com.apple.product-type.bundle.unit-test";
		};
/* End PBXNativeTarget section */

/* Begin PBXProject section */
		01EF0C471A9C742100A84780 /* Project object */ = {
			isa = PBXProject;
			attributes = {
				LastUpgradeCheck = 0610;
				ORGANIZATIONNAME = IronHack;
				TargetAttributes = {
					01EF0C4E1A9C742100A84780 = {
						CreatedOnToolsVersion = 6.1.1;
					};
					01EF0C6A1A9C742100A84780 = {
						CreatedOnToolsVersion = 6.1.1;
						TestTargetID = 01EF0C4E1A9C742100A84780;
					};
				};
			};
			buildConfigurationList = 01EF0C4A1A9C742100A84780 /* Build configuration list for PBXProject "TestingCoreDat" */;
			compatibilityVersion = "Xcode 3.2";
			developmentRegion = English;
			hasScannedForEncodings = 0;
			knownRegions = (
				en,
				Base,
			);
			mainGroup = 01EF0C461A9C742100A84780;
			productRefGroup = 01EF0C501A9C742100A84780 /* Products */;
			projectDirPath = "";
			projectRoot = "";
			targets = (
				01EF0C4E1A9C742100A84780 /* TestingCoreDat */,
				01EF0C6A1A9C742100A84780 /* TestingCoreDatTests */,
			);
		};
/* End PBXProject section */

/* Begin PBXResourcesBuildPhase section */
		01EF0C4D1A9C742100A84780 /* Resources */ = {
			isa = PBXResourcesBuildPhase;
			buildActionMask = 2147483647;
			files = (
				01EF0C611A9C742100A84780 /* Main.storyboard in Resources */,
				01EF0C661A9C742100A84780 /* LaunchScreen.xib in Resources */,
				01EE4A7E1A9F19B700CB4E04 /* TVshowTableViewCell.xib in Resources */,
				01EF0C631A9C742100A84780 /* Images.xcassets in Resources */,
			);
			runOnlyForDeploymentPostprocessing = 0;
		};
		01EF0C691A9C742100A84780 /* Resources */ = {
			isa = PBXResourcesBuildPhase;
			buildActionMask = 2147483647;
			files = (
			);
			runOnlyForDeploymentPostprocessing = 0;
		};
/* End PBXResourcesBuildPhase section */

/* Begin PBXShellScriptBuildPhase section */
		665C56C3AA816E42C85CB13D /* Copy Pods Resources */ = {
			isa = PBXShellScriptBuildPhase;
			buildActionMask = 2147483647;
			files = (
			);
			inputPaths = (
			);
			name = "Copy Pods Resources";
			outputPaths = (
			);
			runOnlyForDeploymentPostprocessing = 0;
			shellPath = /bin/sh;
			shellScript = "\"${SRCROOT}/Pods/Target Support Files/Pods/Pods-resources.sh\"\n";
			showEnvVarsInLog = 0;
		};
		C0561AFAF1089F1A7CA43375 /* Check Pods Manifest.lock */ = {
			isa = PBXShellScriptBuildPhase;
			buildActionMask = 2147483647;
			files = (
			);
			inputPaths = (
			);
			name = "Check Pods Manifest.lock";
			outputPaths = (
			);
			runOnlyForDeploymentPostprocessing = 0;
			shellPath = /bin/sh;
			shellScript = "diff \"${PODS_ROOT}/../Podfile.lock\" \"${PODS_ROOT}/Manifest.lock\" > /dev/null\nif [[ $? != 0 ]] ; then\n    cat << EOM\nerror: The sandbox is not in sync with the Podfile.lock. Run 'pod install' or update your CocoaPods installation.\nEOM\n    exit 1\nfi\n";
			showEnvVarsInLog = 0;
		};
/* End PBXShellScriptBuildPhase section */

/* Begin PBXSourcesBuildPhase section */
		01EF0C4B1A9C742100A84780 /* Sources */ = {
			isa = PBXSourcesBuildPhase;
			buildActionMask = 2147483647;
			files = (
				01EE4A7D1A9F19B700CB4E04 /* TVshowTableViewCell.m in Sources */,
				01EF0C581A9C742100A84780 /* AppDelegate.m in Sources */,
				01EF0C551A9C742100A84780 /* main.m in Sources */,
				01FAE20B1A9DC7A600C36BA9 /* BlockBarButtonItem.m in Sources */,
				01EE4A851A9F3D1000CB4E04 /* ImagesCacheManager.m in Sources */,
				01FAE2131A9E134600C36BA9 /* AFNRequestManager.m in Sources */,
				01EF0C831A9C7E5100A84780 /* CoreDataStack.m in Sources */,
				01EF0C5E1A9C742100A84780 /* ViewController.m in Sources */,
				01EF0C801A9C794D00A84780 /* UserEntity.m in Sources */,
				01FAE2171A9E15DA00C36BA9 /* TVShowsProvider.m in Sources */,
				01FAE20E1A9DE56A00C36BA9 /* UIAlertView+Blocks.m in Sources */,
				01EF0C861A9C948800A84780 /* UserProfileViewController.m in Sources */,
				01EF0C5B1A9C742100A84780 /* TestingCoreDat.xcdatamodeld in Sources */,
				01EE4A821A9F37AA00CB4E04 /* ImageDownloader.m in Sources */,
				01FAE2081A9DC6B400C36BA9 /* TVShowDetailViewController.m in Sources */,
				01EF0C7D1A9C794D00A84780 /* TVShowEntity.m in Sources */,
			);
			runOnlyForDeploymentPostprocessing = 0;
		};
		01EF0C671A9C742100A84780 /* Sources */ = {
			isa = PBXSourcesBuildPhase;
			buildActionMask = 2147483647;
			files = (
				01EF0C721A9C742100A84780 /* TestingCoreDatTests.m in Sources */,
			);
			runOnlyForDeploymentPostprocessing = 0;
		};
/* End PBXSourcesBuildPhase section */

/* Begin PBXTargetDependency section */
		01EF0C6D1A9C742100A84780 /* PBXTargetDependency */ = {
			isa = PBXTargetDependency;
			target = 01EF0C4E1A9C742100A84780 /* TestingCoreDat */;
			targetProxy = 01EF0C6C1A9C742100A84780 /* PBXContainerItemProxy */;
		};
/* End PBXTargetDependency section */

/* Begin PBXVariantGroup section */
		01EF0C5F1A9C742100A84780 /* Main.storyboard */ = {
			isa = PBXVariantGroup;
			children = (
				01EF0C601A9C742100A84780 /* Base */,
			);
			name = Main.storyboard;
			sourceTree = "<group>";
		};
		01EF0C641A9C742100A84780 /* LaunchScreen.xib */ = {
			isa = PBXVariantGroup;
			children = (
				01EF0C651A9C742100A84780 /* Base */,
			);
			name = LaunchScreen.xib;
			sourceTree = "<group>";
		};
/* End PBXVariantGroup section */

/* Begin XCBuildConfiguration section */
		01EF0C731A9C742100A84780 /* Debug */ = {
			isa = XCBuildConfiguration;
			buildSettings = {
				ALWAYS_SEARCH_USER_PATHS = NO;
				CLANG_CXX_LANGUAGE_STANDARD = "gnu++0x";
				CLANG_CXX_LIBRARY = "libc++";
				CLANG_ENABLE_MODULES = YES;
				CLANG_ENABLE_OBJC_ARC = YES;
				CLANG_WARN_BOOL_CONVERSION = YES;
				CLANG_WARN_CONSTANT_CONVERSION = YES;
				CLANG_WARN_DIRECT_OBJC_ISA_USAGE = YES_ERROR;
				CLANG_WARN_EMPTY_BODY = YES;
				CLANG_WARN_ENUM_CONVERSION = YES;
				CLANG_WARN_INT_CONVERSION = YES;
				CLANG_WARN_OBJC_ROOT_CLASS = YES_ERROR;
				CLANG_WARN_UNREACHABLE_CODE = YES;
				CLANG_WARN__DUPLICATE_METHOD_MATCH = YES;
				"CODE_SIGN_IDENTITY[sdk=iphoneos*]" = "iPhone Developer";
				COPY_PHASE_STRIP = NO;
				ENABLE_STRICT_OBJC_MSGSEND = YES;
				GCC_C_LANGUAGE_STANDARD = gnu99;
				GCC_DYNAMIC_NO_PIC = NO;
				GCC_OPTIMIZATION_LEVEL = 0;
				GCC_PREPROCESSOR_DEFINITIONS = (
					"DEBUG=1",
					"$(inherited)",
				);
				GCC_SYMBOLS_PRIVATE_EXTERN = NO;
				GCC_WARN_64_TO_32_BIT_CONVERSION = YES;
				GCC_WARN_ABOUT_RETURN_TYPE = YES_ERROR;
				GCC_WARN_UNDECLARED_SELECTOR = YES;
				GCC_WARN_UNINITIALIZED_AUTOS = YES_AGGRESSIVE;
				GCC_WARN_UNUSED_FUNCTION = YES;
				GCC_WARN_UNUSED_VARIABLE = YES;
				IPHONEOS_DEPLOYMENT_TARGET = 8.1;
				MTL_ENABLE_DEBUG_INFO = YES;
				ONLY_ACTIVE_ARCH = YES;
				SDKROOT = iphoneos;
			};
			name = Debug;
		};
		01EF0C741A9C742100A84780 /* Release */ = {
			isa = XCBuildConfiguration;
			buildSettings = {
				ALWAYS_SEARCH_USER_PATHS = NO;
				CLANG_CXX_LANGUAGE_STANDARD = "gnu++0x";
				CLANG_CXX_LIBRARY = "libc++";
				CLANG_ENABLE_MODULES = YES;
				CLANG_ENABLE_OBJC_ARC = YES;
				CLANG_WARN_BOOL_CONVERSION = YES;
				CLANG_WARN_CONSTANT_CONVERSION = YES;
				CLANG_WARN_DIRECT_OBJC_ISA_USAGE = YES_ERROR;
				CLANG_WARN_EMPTY_BODY = YES;
				CLANG_WARN_ENUM_CONVERSION = YES;
				CLANG_WARN_INT_CONVERSION = YES;
				CLANG_WARN_OBJC_ROOT_CLASS = YES_ERROR;
				CLANG_WARN_UNREACHABLE_CODE = YES;
				CLANG_WARN__DUPLICATE_METHOD_MATCH = YES;
				"CODE_SIGN_IDENTITY[sdk=iphoneos*]" = "iPhone Developer";
				COPY_PHASE_STRIP = YES;
				ENABLE_NS_ASSERTIONS = NO;
				ENABLE_STRICT_OBJC_MSGSEND = YES;
				GCC_C_LANGUAGE_STANDARD = gnu99;
				GCC_WARN_64_TO_32_BIT_CONVERSION = YES;
				GCC_WARN_ABOUT_RETURN_TYPE = YES_ERROR;
				GCC_WARN_UNDECLARED_SELECTOR = YES;
				GCC_WARN_UNINITIALIZED_AUTOS = YES_AGGRESSIVE;
				GCC_WARN_UNUSED_FUNCTION = YES;
				GCC_WARN_UNUSED_VARIABLE = YES;
				IPHONEOS_DEPLOYMENT_TARGET = 8.1;
				MTL_ENABLE_DEBUG_INFO = NO;
				SDKROOT = iphoneos;
				VALIDATE_PRODUCT = YES;
			};
			name = Release;
		};
		01EF0C761A9C742100A84780 /* Debug */ = {
			isa = XCBuildConfiguration;
			baseConfigurationReference = B6835FAB08A8CB05AE19AD4D /* Pods.debug.xcconfig */;
			buildSettings = {
				ASSETCATALOG_COMPILER_APPICON_NAME = AppIcon;
				GCC_PRECOMPILE_PREFIX_HEADER = YES;
				GCC_PREFIX_HEADER = "TestingCoreDat/Prefix-TestingCoreDat.pch";
				INFOPLIST_FILE = TestingCoreDat/Info.plist;
				LD_RUNPATH_SEARCH_PATHS = "$(inherited) @executable_path/Frameworks";
				PRODUCT_NAME = "$(TARGET_NAME)";
			};
			name = Debug;
		};
		01EF0C771A9C742100A84780 /* Release */ = {
			isa = XCBuildConfiguration;
			baseConfigurationReference = 3FCFC7DB1905B1C883D6127C /* Pods.release.xcconfig */;
			buildSettings = {
				ASSETCATALOG_COMPILER_APPICON_NAME = AppIcon;
				GCC_PRECOMPILE_PREFIX_HEADER = YES;
				GCC_PREFIX_HEADER = "TestingCoreDat/Prefix-TestingCoreDat.pch";
				INFOPLIST_FILE = TestingCoreDat/Info.plist;
				LD_RUNPATH_SEARCH_PATHS = "$(inherited) @executable_path/Frameworks";
				PRODUCT_NAME = "$(TARGET_NAME)";
			};
			name = Release;
		};
		01EF0C791A9C742100A84780 /* Debug */ = {
			isa = XCBuildConfiguration;
			buildSettings = {
				BUNDLE_LOADER = "$(TEST_HOST)";
				FRAMEWORK_SEARCH_PATHS = (
					"$(SDKROOT)/Developer/Library/Frameworks",
					"$(inherited)",
				);
				GCC_PREPROCESSOR_DEFINITIONS = (
					"DEBUG=1",
					"$(inherited)",
				);
				INFOPLIST_FILE = TestingCoreDatTests/Info.plist;
				LD_RUNPATH_SEARCH_PATHS = "$(inherited) @executable_path/Frameworks @loader_path/Frameworks";
				PRODUCT_NAME = "$(TARGET_NAME)";
				TEST_HOST = "$(BUILT_PRODUCTS_DIR)/TestingCoreDat.app/TestingCoreDat";
			};
			name = Debug;
		};
		01EF0C7A1A9C742100A84780 /* Release */ = {
			isa = XCBuildConfiguration;
			buildSettings = {
				BUNDLE_LOADER = "$(TEST_HOST)";
				FRAMEWORK_SEARCH_PATHS = (
					"$(SDKROOT)/Developer/Library/Frameworks",
					"$(inherited)",
				);
				INFOPLIST_FILE = TestingCoreDatTests/Info.plist;
				LD_RUNPATH_SEARCH_PATHS = "$(inherited) @executable_path/Frameworks @loader_path/Frameworks";
				PRODUCT_NAME = "$(TARGET_NAME)";
				TEST_HOST = "$(BUILT_PRODUCTS_DIR)/TestingCoreDat.app/TestingCoreDat";
			};
			name = Release;
		};
/* End XCBuildConfiguration section */

/* Begin XCConfigurationList section */
		01EF0C4A1A9C742100A84780 /* Build configuration list for PBXProject "TestingCoreDat" */ = {
			isa = XCConfigurationList;
			buildConfigurations = (
				01EF0C731A9C742100A84780 /* Debug */,
				01EF0C741A9C742100A84780 /* Release */,
			);
			defaultConfigurationIsVisible = 0;
			defaultConfigurationName = Release;
		};
		01EF0C751A9C742100A84780 /* Build configuration list for PBXNativeTarget "TestingCoreDat" */ = {
			isa = XCConfigurationList;
			buildConfigurations = (
				01EF0C761A9C742100A84780 /* Debug */,
				01EF0C771A9C742100A84780 /* Release */,
			);
			defaultConfigurationIsVisible = 0;
			defaultConfigurationName = Release;
		};
		01EF0C781A9C742100A84780 /* Build configuration list for PBXNativeTarget "TestingCoreDatTests" */ = {
			isa = XCConfigurationList;
			buildConfigurations = (
				01EF0C791A9C742100A84780 /* Debug */,
				01EF0C7A1A9C742100A84780 /* Release */,
			);
			defaultConfigurationIsVisible = 0;
			defaultConfigurationName = Release;
		};
/* End XCConfigurationList section */

/* Begin XCVersionGroup section */
		01EF0C591A9C742100A84780 /* TestingCoreDat.xcdatamodeld */ = {
			isa = XCVersionGroup;
			children = (
				01EF0C5A1A9C742100A84780 /* TestingCoreDat.xcdatamodel */,
			);
			currentVersion = 01EF0C5A1A9C742100A84780 /* TestingCoreDat.xcdatamodel */;
			path = TestingCoreDat.xcdatamodeld;
			sourceTree = "<group>";
			versionGroupType = wrapper.xcdatamodel;
		};
/* End XCVersionGroup section */
	};
	rootObject = 01EF0C471A9C742100A84780 /* Project object */;
}
